
Microsoft Visual Studio Solution File, Format Version 12.00
# Visual Studio Version 17
VisualStudioVersion = 17.5.33530.505
MinimumVisualStudioVersion = 10.0.40219.1
Project("{2150E333-8FDC-42A3-9474-1A3956D46DE8}") = "docs", "docs", "{FEEE0C75-E773-4C75-9A0A-D9283809478C}"
	ProjectSection(SolutionItems) = preProject
		docs\README.md = docs\README.md
	EndProjectSection
EndProject
Project("{2150E333-8FDC-42A3-9474-1A3956D46DE8}") = "src", "src", "{6874CB8D-09FB-4F01-8235-E93612AB6BE5}"
EndProject
Project("{2150E333-8FDC-42A3-9474-1A3956D46DE8}") = "tests", "tests", "{697FF8BC-7FB2-40D5-8735-ED26C596468B}"
EndProject
Project("{2150E333-8FDC-42A3-9474-1A3956D46DE8}") = "2-Domain", "2-Domain", "{BFAEC0A1-DEFD-414D-ADC1-7CE15C73AD33}"
EndProject
Project("{2150E333-8FDC-42A3-9474-1A3956D46DE8}") = "1-Application", "1-Application", "{D1AD9819-A842-4980-B7AB-7C6F1474A1D9}"
EndProject
Project("{2150E333-8FDC-42A3-9474-1A3956D46DE8}") = "3-Infra", "3-Infra", "{4C3A2306-8984-4562-9BBD-2D6B81A8251B}"
EndProject
Project("{2150E333-8FDC-42A3-9474-1A3956D46DE8}") = "3.1-Data", "3.1-Data", "{680E2E41-F2B8-40D9-9845-F1FD644C3176}"
EndProject
Project("{2150E333-8FDC-42A3-9474-1A3956D46DE8}") = "3.2-CrossCutting", "3.2-CrossCutting", "{C2E6E31E-A11B-4E21-BA3E-4A11F5FBFE3E}"
EndProject
Project("{2150E333-8FDC-42A3-9474-1A3956D46DE8}") = "Apis", "Apis", "{6782222B-7CBB-411A-8C4E-5175D1A14C1D}"
EndProject
Project("{2150E333-8FDC-42A3-9474-1A3956D46DE8}") = "Contexts", "Contexts", "{2CB6837C-3153-41A5-AE54-F7FB2B805B06}"
EndProject
Project("{2150E333-8FDC-42A3-9474-1A3956D46DE8}") = "HumanResources", "HumanResources", "{F493B313-756F-48DB-9173-A6E86D234383}"
EndProject
Project("{9A19103F-16F7-4668-BE54-9A1E7A4F7556}") = "Visma.Api", "src\Visma.Api\Visma.Api.csproj", "{178B3F77-7D89-4601-BC9B-1736D29524B4}"
EndProject
Project("{9A19103F-16F7-4668-BE54-9A1E7A4F7556}") = "Visma.HR.Domain", "src\Visma.HR.Domain\Visma.HR.Domain.csproj", "{EDCE9AE3-D516-4DBB-B927-07E8476A05DC}"
EndProject
Project("{9A19103F-16F7-4668-BE54-9A1E7A4F7556}") = "Visma.HR.Domain.Core", "src\Visma.HR.Domain.Core\Visma.HR.Domain.Core.csproj", "{985EFCFB-66C6-4203-A1AA-8780DECB035F}"
EndProject
Project("{9A19103F-16F7-4668-BE54-9A1E7A4F7556}") = "Visma.HR.Infra.Data", "src\Visma.HR.Infra.Data\Visma.HR.Infra.Data.csproj", "{20677C48-4CAA-4CD0-A07C-A4953C52D191}"
EndProject
Project("{9A19103F-16F7-4668-BE54-9A1E7A4F7556}") = "Visma.HR.Infra.CrossCutting.IoC", "src\Visma.HR.Infra.CrossCutting.IoC\Visma.HR.Infra.CrossCutting.IoC.csproj", "{3124CB32-E8F8-4502-837E-471CD21C5A0A}"
EndProject
Project("{9A19103F-16F7-4668-BE54-9A1E7A4F7556}") = "Visma.HR.Application", "src\Visma.HR.Application\Visma.HR.Application.csproj", "{DBCF6594-2CFA-4D0F-A7CC-7897D47A3E69}"
EndProject
Project("{9A19103F-16F7-4668-BE54-9A1E7A4F7556}") = "Visma.HR.Infra.CrossCutting.Bus", "src\Visma.HR.Infra.CrossCutting.Bus\Visma.HR.Infra.CrossCutting.Bus.csproj", "{4DC5E5E1-297B-4B81-8166-42267365AA3A}"
EndProject
Project("{2150E333-8FDC-42A3-9474-1A3956D46DE8}") = "Contexts", "Contexts", "{3EA8E84B-A67D-4D05-8035-51FC2A1FE673}"
EndProject
Project("{2150E333-8FDC-42A3-9474-1A3956D46DE8}") = "HumanResources", "HumanResources", "{6FF539A6-CB40-4FBC-8E85-13C43F70A75C}"
EndProject
Project("{2150E333-8FDC-42A3-9474-1A3956D46DE8}") = "Units", "Units", "{AE3C6C93-E8E6-49A0-82C9-D9E21E3A05AE}"
EndProject
Project("{9A19103F-16F7-4668-BE54-9A1E7A4F7556}") = "Visma.HR.Domain.Tests", "tests\Visma.HR.Domain.Tests\Visma.HR.Domain.Tests.csproj", "{13A2B39C-3A45-42B7-BC0A-2CC272EC24D2}"
EndProject
Project("{2150E333-8FDC-42A3-9474-1A3956D46DE8}") = "Core", "Core", "{6831982C-61B3-4FCB-A61D-3CE3F34554BF}"
EndProject
Project("{2150E333-8FDC-42A3-9474-1A3956D46DE8}") = "Infra", "Infra", "{0F7933CA-FF64-483E-97C5-D615B822BA8A}"
EndProject
Project("{FAE04EC0-301F-11D3-BF4B-00C04F79EFBC}") = "Visma.Core.Infra.CrossCutting.IoC", "src\Visma.Core.Infra.CrossCutting.IoC\Visma.Core.Infra.CrossCutting.IoC.csproj", "{E90303C4-77CD-48A6-98B8-16CE0184CE7E}"
EndProject
Project("{FAE04EC0-301F-11D3-BF4B-00C04F79EFBC}") = "Visma.Core.Infra.CrossCutting.Security", "src\Visma.Core.Infra.CrossCutting.Security\Visma.Core.Infra.CrossCutting.Security.csproj", "{E26820DB-F5EA-4B2B-8EB5-0E759D4440CB}"
EndProject
Project("{FAE04EC0-301F-11D3-BF4B-00C04F79EFBC}") = "Visma.Core.Infra.CrossCutting.Common", "src\Visma.Core.Infra.CrossCutting.Common\Visma.Core.Infra.CrossCutting.Common.csproj", "{05C4C0B7-BA61-4929-B6B3-2E3CD176E14E}"
EndProject
Global
	GlobalSection(SolutionConfigurationPlatforms) = preSolution
		Debug|Any CPU = Debug|Any CPU
		Release|Any CPU = Release|Any CPU
	EndGlobalSection
	GlobalSection(ProjectConfigurationPlatforms) = postSolution
		{178B3F77-7D89-4601-BC9B-1736D29524B4}.Debug|Any CPU.ActiveCfg = Debug|Any CPU
		{178B3F77-7D89-4601-BC9B-1736D29524B4}.Debug|Any CPU.Build.0 = Debug|Any CPU
		{178B3F77-7D89-4601-BC9B-1736D29524B4}.Release|Any CPU.ActiveCfg = Release|Any CPU
		{178B3F77-7D89-4601-BC9B-1736D29524B4}.Release|Any CPU.Build.0 = Release|Any CPU
		{EDCE9AE3-D516-4DBB-B927-07E8476A05DC}.Debug|Any CPU.ActiveCfg = Debug|Any CPU
		{EDCE9AE3-D516-4DBB-B927-07E8476A05DC}.Debug|Any CPU.Build.0 = Debug|Any CPU
		{EDCE9AE3-D516-4DBB-B927-07E8476A05DC}.Release|Any CPU.ActiveCfg = Release|Any CPU
		{EDCE9AE3-D516-4DBB-B927-07E8476A05DC}.Release|Any CPU.Build.0 = Release|Any CPU
		{985EFCFB-66C6-4203-A1AA-8780DECB035F}.Debug|Any CPU.ActiveCfg = Debug|Any CPU
		{985EFCFB-66C6-4203-A1AA-8780DECB035F}.Debug|Any CPU.Build.0 = Debug|Any CPU
		{985EFCFB-66C6-4203-A1AA-8780DECB035F}.Release|Any CPU.ActiveCfg = Release|Any CPU
		{985EFCFB-66C6-4203-A1AA-8780DECB035F}.Release|Any CPU.Build.0 = Release|Any CPU
		{20677C48-4CAA-4CD0-A07C-A4953C52D191}.Debug|Any CPU.ActiveCfg = Debug|Any CPU
		{20677C48-4CAA-4CD0-A07C-A4953C52D191}.Debug|Any CPU.Build.0 = Debug|Any CPU
		{20677C48-4CAA-4CD0-A07C-A4953C52D191}.Release|Any CPU.ActiveCfg = Release|Any CPU
		{20677C48-4CAA-4CD0-A07C-A4953C52D191}.Release|Any CPU.Build.0 = Release|Any CPU
		{3124CB32-E8F8-4502-837E-471CD21C5A0A}.Debug|Any CPU.ActiveCfg = Debug|Any CPU
		{3124CB32-E8F8-4502-837E-471CD21C5A0A}.Debug|Any CPU.Build.0 = Debug|Any CPU
		{3124CB32-E8F8-4502-837E-471CD21C5A0A}.Release|Any CPU.ActiveCfg = Release|Any CPU
		{3124CB32-E8F8-4502-837E-471CD21C5A0A}.Release|Any CPU.Build.0 = Release|Any CPU
		{DBCF6594-2CFA-4D0F-A7CC-7897D47A3E69}.Debug|Any CPU.ActiveCfg = Debug|Any CPU
		{DBCF6594-2CFA-4D0F-A7CC-7897D47A3E69}.Debug|Any CPU.Build.0 = Debug|Any CPU
		{DBCF6594-2CFA-4D0F-A7CC-7897D47A3E69}.Release|Any CPU.ActiveCfg = Release|Any CPU
		{DBCF6594-2CFA-4D0F-A7CC-7897D47A3E69}.Release|Any CPU.Build.0 = Release|Any CPU
		{4DC5E5E1-297B-4B81-8166-42267365AA3A}.Debug|Any CPU.ActiveCfg = Debug|Any CPU
		{4DC5E5E1-297B-4B81-8166-42267365AA3A}.Debug|Any CPU.Build.0 = Debug|Any CPU
		{4DC5E5E1-297B-4B81-8166-42267365AA3A}.Release|Any CPU.ActiveCfg = Release|Any CPU
		{4DC5E5E1-297B-4B81-8166-42267365AA3A}.Release|Any CPU.Build.0 = Release|Any CPU
		{13A2B39C-3A45-42B7-BC0A-2CC272EC24D2}.Debug|Any CPU.ActiveCfg = Debug|Any CPU
		{13A2B39C-3A45-42B7-BC0A-2CC272EC24D2}.Debug|Any CPU.Build.0 = Debug|Any CPU
		{13A2B39C-3A45-42B7-BC0A-2CC272EC24D2}.Release|Any CPU.ActiveCfg = Release|Any CPU
		{13A2B39C-3A45-42B7-BC0A-2CC272EC24D2}.Release|Any CPU.Build.0 = Release|Any CPU
		{E90303C4-77CD-48A6-98B8-16CE0184CE7E}.Debug|Any CPU.ActiveCfg = Debug|Any CPU
		{E90303C4-77CD-48A6-98B8-16CE0184CE7E}.Debug|Any CPU.Build.0 = Debug|Any CPU
		{E90303C4-77CD-48A6-98B8-16CE0184CE7E}.Release|Any CPU.ActiveCfg = Release|Any CPU
		{E90303C4-77CD-48A6-98B8-16CE0184CE7E}.Release|Any CPU.Build.0 = Release|Any CPU
		{E26820DB-F5EA-4B2B-8EB5-0E759D4440CB}.Debug|Any CPU.ActiveCfg = Debug|Any CPU
		{E26820DB-F5EA-4B2B-8EB5-0E759D4440CB}.Debug|Any CPU.Build.0 = Debug|Any CPU
		{E26820DB-F5EA-4B2B-8EB5-0E759D4440CB}.Release|Any CPU.ActiveCfg = Release|Any CPU
		{E26820DB-F5EA-4B2B-8EB5-0E759D4440CB}.Release|Any CPU.Build.0 = Release|Any CPU
		{05C4C0B7-BA61-4929-B6B3-2E3CD176E14E}.Debug|Any CPU.ActiveCfg = Debug|Any CPU
		{05C4C0B7-BA61-4929-B6B3-2E3CD176E14E}.Debug|Any CPU.Build.0 = Debug|Any CPU
		{05C4C0B7-BA61-4929-B6B3-2E3CD176E14E}.Release|Any CPU.ActiveCfg = Release|Any CPU
		{05C4C0B7-BA61-4929-B6B3-2E3CD176E14E}.Release|Any CPU.Build.0 = Release|Any CPU
	EndGlobalSection
	GlobalSection(SolutionProperties) = preSolution
		HideSolutionNode = FALSE
	EndGlobalSection
	GlobalSection(NestedProjects) = preSolution
		{BFAEC0A1-DEFD-414D-ADC1-7CE15C73AD33} = {F493B313-756F-48DB-9173-A6E86D234383}
		{D1AD9819-A842-4980-B7AB-7C6F1474A1D9} = {F493B313-756F-48DB-9173-A6E86D234383}
		{4C3A2306-8984-4562-9BBD-2D6B81A8251B} = {F493B313-756F-48DB-9173-A6E86D234383}
		{680E2E41-F2B8-40D9-9845-F1FD644C3176} = {4C3A2306-8984-4562-9BBD-2D6B81A8251B}
		{C2E6E31E-A11B-4E21-BA3E-4A11F5FBFE3E} = {4C3A2306-8984-4562-9BBD-2D6B81A8251B}
		{6782222B-7CBB-411A-8C4E-5175D1A14C1D} = {6874CB8D-09FB-4F01-8235-E93612AB6BE5}
		{2CB6837C-3153-41A5-AE54-F7FB2B805B06} = {6874CB8D-09FB-4F01-8235-E93612AB6BE5}
		{F493B313-756F-48DB-9173-A6E86D234383} = {2CB6837C-3153-41A5-AE54-F7FB2B805B06}
		{178B3F77-7D89-4601-BC9B-1736D29524B4} = {6782222B-7CBB-411A-8C4E-5175D1A14C1D}
		{EDCE9AE3-D516-4DBB-B927-07E8476A05DC} = {BFAEC0A1-DEFD-414D-ADC1-7CE15C73AD33}
		{985EFCFB-66C6-4203-A1AA-8780DECB035F} = {BFAEC0A1-DEFD-414D-ADC1-7CE15C73AD33}
		{20677C48-4CAA-4CD0-A07C-A4953C52D191} = {680E2E41-F2B8-40D9-9845-F1FD644C3176}
		{3124CB32-E8F8-4502-837E-471CD21C5A0A} = {C2E6E31E-A11B-4E21-BA3E-4A11F5FBFE3E}
		{DBCF6594-2CFA-4D0F-A7CC-7897D47A3E69} = {D1AD9819-A842-4980-B7AB-7C6F1474A1D9}
		{4DC5E5E1-297B-4B81-8166-42267365AA3A} = {C2E6E31E-A11B-4E21-BA3E-4A11F5FBFE3E}
		{3EA8E84B-A67D-4D05-8035-51FC2A1FE673} = {697FF8BC-7FB2-40D5-8735-ED26C596468B}
		{6FF539A6-CB40-4FBC-8E85-13C43F70A75C} = {3EA8E84B-A67D-4D05-8035-51FC2A1FE673}
		{AE3C6C93-E8E6-49A0-82C9-D9E21E3A05AE} = {6FF539A6-CB40-4FBC-8E85-13C43F70A75C}
		{13A2B39C-3A45-42B7-BC0A-2CC272EC24D2} = {AE3C6C93-E8E6-49A0-82C9-D9E21E3A05AE}
		{6831982C-61B3-4FCB-A61D-3CE3F34554BF} = {2CB6837C-3153-41A5-AE54-F7FB2B805B06}
		{0F7933CA-FF64-483E-97C5-D615B822BA8A} = {6831982C-61B3-4FCB-A61D-3CE3F34554BF}
		{E90303C4-77CD-48A6-98B8-16CE0184CE7E} = {0F7933CA-FF64-483E-97C5-D615B822BA8A}
		{E26820DB-F5EA-4B2B-8EB5-0E759D4440CB} = {0F7933CA-FF64-483E-97C5-D615B822BA8A}
		{05C4C0B7-BA61-4929-B6B3-2E3CD176E14E} = {0F7933CA-FF64-483E-97C5-D615B822BA8A}
	EndGlobalSection
	GlobalSection(ExtensibilityGlobals) = postSolution
		SolutionGuid = {F05028D4-538C-43A6-9962-4AA34671834B}
	EndGlobalSection
EndGlobal
