
Microsoft Visual Studio Solution File, Format Version 12.00
# Visual Studio Version 17
VisualStudioVersion = 17.5.33530.505
MinimumVisualStudioVersion = 10.0.40219.1
Project("{2150E333-8FDC-42A3-9474-1A3956D46DE8}") = "docs", "docs", "{FEEE0C75-E773-4C75-9A0A-D9283809478C}"
	ProjectSection(SolutionItems) = preProject
		docs\README.md = docs\README.md
	EndProjectSection
EndProject
Project("{2150E333-8FDC-42A3-9474-1A3956D46DE8}") = "src", "src", "{6874CB8D-09FB-4F01-8235-E93612AB6BE5}"
EndProject
Project("{2150E333-8FDC-42A3-9474-1A3956D46DE8}") = "tests", "tests", "{697FF8BC-7FB2-40D5-8735-ED26C596468B}"
EndProject
Project("{2150E333-8FDC-42A3-9474-1A3956D46DE8}") = "2-Domain", "2-Domain", "{BFAEC0A1-DEFD-414D-ADC1-7CE15C73AD33}"
EndProject
Project("{9A19103F-16F7-4668-BE54-9A1E7A4F7556}") = "Visma.Domain", "src\Visma.Domain\Visma.Domain.csproj", "{4E342739-F44A-4EC7-A3F9-6A0019AAB69C}"
EndProject
Project("{9A19103F-16F7-4668-BE54-9A1E7A4F7556}") = "Visma.Domain.Core", "src\Visma.Domain.Core\Visma.Domain.Core.csproj", "{F51042ED-EC18-432F-998B-DFE1BBCCBB59}"
EndProject
Project("{2150E333-8FDC-42A3-9474-1A3956D46DE8}") = "1-Application", "1-Application", "{D1AD9819-A842-4980-B7AB-7C6F1474A1D9}"
EndProject
Project("{9A19103F-16F7-4668-BE54-9A1E7A4F7556}") = "Visma.Application", "src\Visma.Application\Visma.Application.csproj", "{20B36BA4-C4BF-405B-A25A-0BC53AD286A3}"
EndProject
Project("{9A19103F-16F7-4668-BE54-9A1E7A4F7556}") = "Visma.Api", "src\Visma.Api\Visma.Api.csproj", "{1465C9C9-AA29-49BF-8892-C41A7491A659}"
EndProject
Project("{2150E333-8FDC-42A3-9474-1A3956D46DE8}") = "3-Infra", "3-Infra", "{4C3A2306-8984-4562-9BBD-2D6B81A8251B}"
EndProject
Project("{2150E333-8FDC-42A3-9474-1A3956D46DE8}") = "3.1-Data", "3.1-Data", "{680E2E41-F2B8-40D9-9845-F1FD644C3176}"
EndProject
Project("{2150E333-8FDC-42A3-9474-1A3956D46DE8}") = "3.2-CrossCutting", "3.2-CrossCutting", "{C2E6E31E-A11B-4E21-BA3E-4A11F5FBFE3E}"
EndProject
Project("{9A19103F-16F7-4668-BE54-9A1E7A4F7556}") = "Visma.Infra.Data", "src\Visma.Infra.Data\Visma.Infra.Data.csproj", "{98E245D1-7C7B-445E-A0CA-6D80BD40CCDE}"
EndProject
Project("{9A19103F-16F7-4668-BE54-9A1E7A4F7556}") = "Visma.Infra.CrossCutting.IoC", "src\Visma.Infra.CrossCutting.IoC\Visma.Infra.CrossCutting.IoC.csproj", "{5862E8F6-7898-4194-8A81-8362BCC76E0C}"
EndProject
Project("{FAE04EC0-301F-11D3-BF4B-00C04F79EFBC}") = "Visma.Infra.CrossCutting.Common", "src\Visma.Infra.CrossCutting.Common\Visma.Infra.CrossCutting.Common.csproj", "{4B243D77-58F7-43CA-81FB-1BC047DB891F}"
EndProject
Project("{2150E333-8FDC-42A3-9474-1A3956D46DE8}") = "Apis", "Apis", "{6782222B-7CBB-411A-8C4E-5175D1A14C1D}"
EndProject
Project("{2150E333-8FDC-42A3-9474-1A3956D46DE8}") = "Contexts", "Contexts", "{2CB6837C-3153-41A5-AE54-F7FB2B805B06}"
EndProject
Project("{2150E333-8FDC-42A3-9474-1A3956D46DE8}") = "HumanResources", "HumanResources", "{F493B313-756F-48DB-9173-A6E86D234383}"
EndProject
Global
	GlobalSection(SolutionConfigurationPlatforms) = preSolution
		Debug|Any CPU = Debug|Any CPU
		Release|Any CPU = Release|Any CPU
	EndGlobalSection
	GlobalSection(ProjectConfigurationPlatforms) = postSolution
		{4E342739-F44A-4EC7-A3F9-6A0019AAB69C}.Debug|Any CPU.ActiveCfg = Debug|Any CPU
		{4E342739-F44A-4EC7-A3F9-6A0019AAB69C}.Debug|Any CPU.Build.0 = Debug|Any CPU
		{4E342739-F44A-4EC7-A3F9-6A0019AAB69C}.Release|Any CPU.ActiveCfg = Release|Any CPU
		{4E342739-F44A-4EC7-A3F9-6A0019AAB69C}.Release|Any CPU.Build.0 = Release|Any CPU
		{F51042ED-EC18-432F-998B-DFE1BBCCBB59}.Debug|Any CPU.ActiveCfg = Debug|Any CPU
		{F51042ED-EC18-432F-998B-DFE1BBCCBB59}.Debug|Any CPU.Build.0 = Debug|Any CPU
		{F51042ED-EC18-432F-998B-DFE1BBCCBB59}.Release|Any CPU.ActiveCfg = Release|Any CPU
		{F51042ED-EC18-432F-998B-DFE1BBCCBB59}.Release|Any CPU.Build.0 = Release|Any CPU
		{20B36BA4-C4BF-405B-A25A-0BC53AD286A3}.Debug|Any CPU.ActiveCfg = Debug|Any CPU
		{20B36BA4-C4BF-405B-A25A-0BC53AD286A3}.Debug|Any CPU.Build.0 = Debug|Any CPU
		{20B36BA4-C4BF-405B-A25A-0BC53AD286A3}.Release|Any CPU.ActiveCfg = Release|Any CPU
		{20B36BA4-C4BF-405B-A25A-0BC53AD286A3}.Release|Any CPU.Build.0 = Release|Any CPU
		{1465C9C9-AA29-49BF-8892-C41A7491A659}.Debug|Any CPU.ActiveCfg = Debug|Any CPU
		{1465C9C9-AA29-49BF-8892-C41A7491A659}.Debug|Any CPU.Build.0 = Debug|Any CPU
		{1465C9C9-AA29-49BF-8892-C41A7491A659}.Release|Any CPU.ActiveCfg = Release|Any CPU
		{1465C9C9-AA29-49BF-8892-C41A7491A659}.Release|Any CPU.Build.0 = Release|Any CPU
		{98E245D1-7C7B-445E-A0CA-6D80BD40CCDE}.Debug|Any CPU.ActiveCfg = Debug|Any CPU
		{98E245D1-7C7B-445E-A0CA-6D80BD40CCDE}.Debug|Any CPU.Build.0 = Debug|Any CPU
		{98E245D1-7C7B-445E-A0CA-6D80BD40CCDE}.Release|Any CPU.ActiveCfg = Release|Any CPU
		{98E245D1-7C7B-445E-A0CA-6D80BD40CCDE}.Release|Any CPU.Build.0 = Release|Any CPU
		{5862E8F6-7898-4194-8A81-8362BCC76E0C}.Debug|Any CPU.ActiveCfg = Debug|Any CPU
		{5862E8F6-7898-4194-8A81-8362BCC76E0C}.Debug|Any CPU.Build.0 = Debug|Any CPU
		{5862E8F6-7898-4194-8A81-8362BCC76E0C}.Release|Any CPU.ActiveCfg = Release|Any CPU
		{5862E8F6-7898-4194-8A81-8362BCC76E0C}.Release|Any CPU.Build.0 = Release|Any CPU
		{4B243D77-58F7-43CA-81FB-1BC047DB891F}.Debug|Any CPU.ActiveCfg = Debug|Any CPU
		{4B243D77-58F7-43CA-81FB-1BC047DB891F}.Debug|Any CPU.Build.0 = Debug|Any CPU
		{4B243D77-58F7-43CA-81FB-1BC047DB891F}.Release|Any CPU.ActiveCfg = Release|Any CPU
		{4B243D77-58F7-43CA-81FB-1BC047DB891F}.Release|Any CPU.Build.0 = Release|Any CPU
	EndGlobalSection
	GlobalSection(SolutionProperties) = preSolution
		HideSolutionNode = FALSE
	EndGlobalSection
	GlobalSection(NestedProjects) = preSolution
		{BFAEC0A1-DEFD-414D-ADC1-7CE15C73AD33} = {F493B313-756F-48DB-9173-A6E86D234383}
		{4E342739-F44A-4EC7-A3F9-6A0019AAB69C} = {BFAEC0A1-DEFD-414D-ADC1-7CE15C73AD33}
		{F51042ED-EC18-432F-998B-DFE1BBCCBB59} = {BFAEC0A1-DEFD-414D-ADC1-7CE15C73AD33}
		{D1AD9819-A842-4980-B7AB-7C6F1474A1D9} = {F493B313-756F-48DB-9173-A6E86D234383}
		{20B36BA4-C4BF-405B-A25A-0BC53AD286A3} = {D1AD9819-A842-4980-B7AB-7C6F1474A1D9}
		{1465C9C9-AA29-49BF-8892-C41A7491A659} = {6782222B-7CBB-411A-8C4E-5175D1A14C1D}
		{4C3A2306-8984-4562-9BBD-2D6B81A8251B} = {F493B313-756F-48DB-9173-A6E86D234383}
		{680E2E41-F2B8-40D9-9845-F1FD644C3176} = {4C3A2306-8984-4562-9BBD-2D6B81A8251B}
		{C2E6E31E-A11B-4E21-BA3E-4A11F5FBFE3E} = {4C3A2306-8984-4562-9BBD-2D6B81A8251B}
		{98E245D1-7C7B-445E-A0CA-6D80BD40CCDE} = {680E2E41-F2B8-40D9-9845-F1FD644C3176}
		{5862E8F6-7898-4194-8A81-8362BCC76E0C} = {C2E6E31E-A11B-4E21-BA3E-4A11F5FBFE3E}
		{4B243D77-58F7-43CA-81FB-1BC047DB891F} = {C2E6E31E-A11B-4E21-BA3E-4A11F5FBFE3E}
		{6782222B-7CBB-411A-8C4E-5175D1A14C1D} = {6874CB8D-09FB-4F01-8235-E93612AB6BE5}
		{2CB6837C-3153-41A5-AE54-F7FB2B805B06} = {6874CB8D-09FB-4F01-8235-E93612AB6BE5}
		{F493B313-756F-48DB-9173-A6E86D234383} = {2CB6837C-3153-41A5-AE54-F7FB2B805B06}
	EndGlobalSection
	GlobalSection(ExtensibilityGlobals) = postSolution
		SolutionGuid = {F05028D4-538C-43A6-9962-4AA34671834B}
	EndGlobalSection
EndGlobal
